# Locked from CustomerSimulation/requirements.txt for Python 3.12 on linux (the container target).
# Generated by deploy/lock-dependencies.sh -- do not edit by hand.
# Editable local installs (SharedSchema) are pinned by the release commit.
pyyaml==6.0.3
    # via -r C:/Users/finnr/AppData/Local/Temp/tmp.F3zb5obzDF
