# Locked from DemoSiteV3/requirements.txt for Python 3.12 on linux (the container target).
# Generated by deploy/lock-dependencies.sh -- do not edit by hand.
# Editable local installs (SharedSchema) are pinned by the release commit.
annotated-doc==0.0.5
    # via fastapi
annotated-types==0.8.0
    # via pydantic
anyio==4.14.2
    # via
    #   starlette
    #   watchfiles
click==8.4.2
    # via uvicorn
cuda-bindings==13.3.1
    # via torch
cuda-pathfinder==1.6.0
    # via cuda-bindings
cuda-toolkit==13.0.3.0
    # via torch
fastapi==0.141.1
    # via -r C:/Users/finnr/AppData/Local/Temp/tmp.cliPDeGLp0
filelock==3.32.2
    # via torch
fsspec==2026.7.0
    # via torch
greenlet==3.5.4
    # via sqlalchemy
h11==0.16.0
    # via uvicorn
httptools==0.8.0
    # via uvicorn
idna==3.18
    # via anyio
jinja2==3.1.6
    # via
    #   -r C:/Users/finnr/AppData/Local/Temp/tmp.cliPDeGLp0
    #   torch
markupsafe==3.0.3
    # via jinja2
mpmath==1.3.0
    # via sympy
networkx==3.6.1
    # via torch
nvidia-cublas==13.1.1.3
    # via
    #   cuda-toolkit
    #   nvidia-cudnn-cu13
    #   nvidia-cusolver
nvidia-cuda-cupti==13.0.85
    # via cuda-toolkit
nvidia-cuda-nvrtc==13.0.88
    # via
    #   cuda-toolkit
    #   nvidia-cublas
nvidia-cuda-runtime==13.0.96
    # via cuda-toolkit
nvidia-cudnn-cu13==9.20.0.48
    # via torch
nvidia-cufft==12.0.0.61
    # via cuda-toolkit
nvidia-cufile==1.15.1.6
    # via cuda-toolkit
nvidia-curand==10.4.0.35
    # via cuda-toolkit
nvidia-cusolver==12.0.4.66
    # via cuda-toolkit
nvidia-cusparse==12.6.3.3
    # via
    #   cuda-toolkit
    #   nvidia-cusolver
nvidia-cusparselt-cu13==0.8.1
    # via torch
nvidia-nccl-cu13==2.29.7
    # via torch
nvidia-nvjitlink==13.3.33
    # via
    #   cuda-toolkit
    #   nvidia-cufft
    #   nvidia-cusolver
    #   nvidia-cusparse
nvidia-nvshmem-cu13==3.4.5
    # via torch
nvidia-nvtx==13.0.85
    # via cuda-toolkit
pydantic==2.13.4
    # via fastapi
pydantic-core==2.46.4
    # via pydantic
python-dotenv==1.2.2
    # via uvicorn
python-multipart==0.0.32
    # via -r C:/Users/finnr/AppData/Local/Temp/tmp.cliPDeGLp0
pyyaml==6.0.3
    # via uvicorn
setuptools==83.0.0
    # via torch
sqlalchemy==2.0.51
    # via -r C:/Users/finnr/AppData/Local/Temp/tmp.cliPDeGLp0
starlette==1.3.1
    # via fastapi
sympy==1.14.0
    # via torch
torch==2.13.0
    # via -r C:/Users/finnr/AppData/Local/Temp/tmp.cliPDeGLp0
triton==3.7.1
    # via torch
typing-extensions==4.16.0
    # via
    #   anyio
    #   fastapi
    #   pydantic
    #   pydantic-core
    #   sqlalchemy
    #   starlette
    #   torch
    #   typing-inspection
typing-inspection==0.4.2
    # via
    #   fastapi
    #   pydantic
tzdata==2026.3
    # via -r C:/Users/finnr/AppData/Local/Temp/tmp.cliPDeGLp0
uvicorn==0.52.1
    # via -r C:/Users/finnr/AppData/Local/Temp/tmp.cliPDeGLp0
uvloop==0.22.1
    # via uvicorn
watchfiles==1.2.0
    # via uvicorn
websockets==17.0.1
    # via uvicorn
